
Microsoft Visual Studio Solution File, Format Version 12.00
# Visual Studio Version 16
VisualStudioVersion = 16.0.31729.503
MinimumVisualStudioVersion = 10.0.40219.1
Project("{FAE04EC0-301F-11D3-BF4B-00C04F79EFBC}") = "GitSample", "GitSample\GitSample.csproj", "{1F38507F-0C00-4051-94B8-46C13669029E}"
EndProject
Global
	GlobalSection(SolutionConfigurationPlatforms) = preSolution
		Debug|Any CPU = Debug|Any CPU
		Release|Any CPU = Release|Any CPU
	EndGlobalSection
	GlobalSection(ProjectConfigurationPlatforms) = postSolution
		{1F38507F-0C00-4051-94B8-46C13669029E}.Debug|Any CPU.ActiveCfg = Debug|Any CPU
		{1F38507F-0C00-4051-94B8-46C13669029E}.Debug|Any CPU.Build.0 = Debug|Any CPU
		{1F38507F-0C00-4051-94B8-46C13669029E}.Release|Any CPU.ActiveCfg = Release|Any CPU
		{1F38507F-0C00-4051-94B8-46C13669029E}.Release|Any CPU.Build.0 = Release|Any CPU
	EndGlobalSection
	GlobalSection(SolutionProperties) = preSolution
		HideSolutionNode = FALSE
	EndGlobalSection
	GlobalSection(ExtensibilityGlobals) = postSolution
		SolutionGuid = {4C0F014E-EDCE-4E98-8D30-BBBB3ED1B178}
	EndGlobalSection
EndGlobal
